github.com/googleapis/googleapis d3e4b45d316b4fb8ad120d04882cd7b1065fc333 h1:gAC3oUnoQTbcupfopB+UQnR1e8SXaA1Lirzw6TOprLI=
go.redsock.ru/protoc-gen-npm v0.0.17 h1:HyaD3OQX7fkeJkj8cpfk6llKsAt99ThclamXUxq6Elo=
go.zpotify.ru/zpotify 1f8b4a1d62db02fcd79011a8805bcdd366726b18 h1:t8XnodvHP0Jl29tD/2zZ0M05xtINFkrp+QP7DvN2s40=
