github.com/googleapis/googleapis 8d52a0bd5332bec365647fd792102a25a665e9fe h1:bKt44F2sI0dsJtGUt9XIqQxXK+nZXcmM+9K2fqjqY/I=
go.redsock.ru/protoc-gen-npm v0.0.17 h1:HyaD3OQX7fkeJkj8cpfk6llKsAt99ThclamXUxq6Elo=
go.zpotify.ru/zpotify 1f8b4a1d62db02fcd79011a8805bcdd366726b18 h1:t8XnodvHP0Jl29tD/2zZ0M05xtINFkrp+QP7DvN2s40=
